{
  "object": {
    "pins": [
      {
        "package": "Cryptor",
        "repositoryURL": "https://github.com/Kitura/BlueCryptor.git",
        "state": {
          "branch": null,
          "revision": "cec97c24b111351e70e448972a7d3fe68a756d6d",
          "version": "2.0.2"
        }
      },
      {
        "package": "CryptorECC",
        "repositoryURL": "https://github.com/Kitura/BlueECC.git",
        "state": {
          "branch": null,
          "revision": "baf6ed3fc1a622675f0041b4aff7c02dd1a93818",
          "version": "1.2.200"
        }
      },
      {
        "package": "CryptorRSA",
        "repositoryURL": "https://github.com/Kitura/BlueRSA.git",
        "state": {
          "branch": null,
          "revision": "440f78db26d8bb073f29590f1c7bd31004da09ae",
          "version": "1.0.201"
        }
      },
      {
        "package": "CryptoSwift",
        "repositoryURL": "https://github.com/krzyzanowskim/CryptoSwift.git",
        "state": {
          "branch": null,
          "revision": "19b3c3ceed117c5cc883517c4e658548315ba70b",
          "version": "1.6.0"
        }
      },
      {
        "package": "KituraContracts",
        "repositoryURL": "https://github.com/Kitura/KituraContracts.git",
        "state": {
          "branch": null,
          "revision": "6edf7ac3dd2b3a2c61284778d430bbad7d8a6f23",
          "version": "2.0.1"
        }
      },
      {
        "package": "LoggerAPI",
        "repositoryURL": "https://github.com/Kitura/LoggerAPI.git",
        "state": {
          "branch": null,
          "revision": "4e6b45e850ffa275e8e26a24c6454fd709d5b6ac",
          "version": "2.0.0"
        }
      },
      {
        "package": "SnapKit",
        "repositoryURL": "https://github.com/SnapKit/SnapKit.git",
        "state": {
          "branch": null,
          "revision": "f222cbdf325885926566172f6f5f06af95473158",
          "version": "5.6.0"
        }
      },
      {
        "package": "SwiftJWT",
        "repositoryURL": "https://github.com/IBM-Swift/Swift-JWT",
        "state": {
          "branch": null,
          "revision": "08e02ff214c41df49bdd189ff837d68ba11c437b",
          "version": "4.0.0"
        }
      },
      {
        "package": "swift-log",
        "repositoryURL": "https://github.com/apple/swift-log.git",
        "state": {
          "branch": null,
          "revision": "6fe203dc33195667ce1759bf0182975e4653ba1c",
          "version": "1.4.4"
        }
      }
    ]
  },
  "version": 1
}
